
Microsoft Visual Studio Solution File, Format Version 12.00
Project("{FAE04EC0-301F-11D3-BF4B-00C04F79EFBC}") = "ShapeDetector", "ShapeDetector\ShapeDetector.csproj", "{089C37E4-88AD-473B-84DA-6D5663CE45AD}"
EndProject
Global
	GlobalSection(SolutionConfigurationPlatforms) = preSolution
		Debug|Any CPU = Debug|Any CPU
		Release|Any CPU = Release|Any CPU
	EndGlobalSection
	GlobalSection(ProjectConfigurationPlatforms) = postSolution
		{089C37E4-88AD-473B-84DA-6D5663CE45AD}.Debug|Any CPU.ActiveCfg = Debug|Any CPU
		{089C37E4-88AD-473B-84DA-6D5663CE45AD}.Release|Any CPU.ActiveCfg = Release|Any CPU
		{089C37E4-88AD-473B-84DA-6D5663CE45AD}.Release|Any CPU.Build.0 = Release|Any CPU
		{089C37E4-88AD-473B-84DA-6D5663CE45AD}.Debug|Any CPU.Build.0 = Debug|Any CPU
	EndGlobalSection
EndGlobal
